
Microsoft Visual Studio Solution File, Format Version 12.00
# Visual Studio Version 16
VisualStudioVersion = 16.0.31410.357
MinimumVisualStudioVersion = 10.0.40219.1
Project("{FAE04EC0-301F-11D3-BF4B-00C04F79EFBC}") = "WTP_Report_Manager", "WTP_Report_Manager\WTP_Report_Manager.csproj", "{998D6423-FF61-4FD7-BA2E-C80DE99990FB}"
EndProject
Global
	GlobalSection(SolutionConfigurationPlatforms) = preSolution
		Debug|Any CPU = Debug|Any CPU
		Release|Any CPU = Release|Any CPU
	EndGlobalSection
	GlobalSection(ProjectConfigurationPlatforms) = postSolution
		{998D6423-FF61-4FD7-BA2E-C80DE99990FB}.Debug|Any CPU.ActiveCfg = Debug|Any CPU
		{998D6423-FF61-4FD7-BA2E-C80DE99990FB}.Debug|Any CPU.Build.0 = Debug|Any CPU
		{998D6423-FF61-4FD7-BA2E-C80DE99990FB}.Release|Any CPU.ActiveCfg = Release|Any CPU
		{998D6423-FF61-4FD7-BA2E-C80DE99990FB}.Release|Any CPU.Build.0 = Release|Any CPU
	EndGlobalSection
	GlobalSection(SolutionProperties) = preSolution
		HideSolutionNode = FALSE
	EndGlobalSection
	GlobalSection(ExtensibilityGlobals) = postSolution
		SolutionGuid = {EE876F54-8C8B-4471-BBB8-CC17BF97306D}
	EndGlobalSection
EndGlobal
